webtyp.com/fmt v1.0.0 h1:W0vMMGC6ezg1q2LarAEaVnNvZ26hVqzZdQQH1wcNogM=
webtyp.com/fmt v1.0.0/go.mod h1:FmTxx713R45J21kbH5JOmKGaaCap3fJPA9Yl2n4Ch7U=
webtyp.com/nn v0.1.0 h1:VuL4NU/3dGkkS3EsoxSlY/BEGV/p5ceWf1q29VZ9Xek=
webtyp.com/nn v0.1.0/go.mod h1:SefWO/kfREChwxoBVGrvuqT0iMRN89cKp4Lnq5nWAQE=
webtyp.com/vector v0.1.1 h1:f4PsIPz5lYrXEEhbbPUz4bfd2+i7ujVGfsZRpf/G7/4=
webtyp.com/vector v0.1.1/go.mod h1:IrRH9GrQ5Ym6DquOtuu+15W3nekNhaR8oRcdj+oDExQ=
